uuid: 016a6ff2-1400-40ad-97b7-57c09908ed7c
langcode: en
status: true
dependencies:
  module:
    - system
active_version: b92f802cf68eb83e
versioned_properties:
  active:
    settings:
      default_settings:
        id: system_messages_block
        label: Messages
        label_display: '0'
        provider: system
    fallback_metadata:
      slot_definitions: null
label: Messages
id: block.system_messages_block
provider: system
source: block
source_local_id: system_messages_block
category: System
