uuid: 65c26d8c-4a3f-4ac3-a7a1-ab970c6c85e5
langcode: en
status: false
dependencies: {  }
active_version: 7ce07cbe2a7fa7ce
versioned_properties:
  active:
    settings:
      default_settings:
        id: local_tasks_block
        label: Tabs
        label_display: '0'
        provider: core
        primary: true
        secondary: true
    fallback_metadata:
      slot_definitions: null
label: Tabs
id: block.local_tasks_block
provider: core
source: block
source_local_id: local_tasks_block
category: core
