uuid: 57d2eb66-9dfb-4a4d-9ce2-c45fc0f548e4
langcode: en
status: false
dependencies:
  config:
    - filter.format.canvas_html_block
  module:
    - ckeditor5
  enforced:
    module:
      - canvas
format: canvas_html_block
editor: ckeditor5
settings:
  toolbar:
    items:
      - bold
      - italic
      - underline
      - link
      - '|'
      - bulletedList
      - numberedList
  plugins:
    ckeditor5_list:
      properties:
        reversed: false
        startIndex: false
      multiBlock: false
image_upload:
  status: false
